dependencies:
- name: elitea-main
  repository: file://../elitea-main
  version: 0.1.0
- name: elitea-web
  repository: file://../elitea-web
  version: 0.1.0
- name: elitea-scheduler
  repository: file://../elitea-scheduler
  version: 0.1.0
- name: elitea-llm-gateway
  repository: file://../elitea-llm-gateway
  version: 0.1.0
- name: elitea-worker-python
  repository: file://../elitea-worker-python
  version: 0.1.0
- name: elitea-runtime-redis
  repository: file://../elitea-runtime-redis
  version: 0.1.0
- name: otel-collector
  repository: file://../otel-collector
  version: 0.1.0
- name: pylon-indexer
  repository: file://../pylon-indexer
  version: 0.1.0
digest: sha256:71fd438f8728daf25ca0970a3b112fe9433fc49b950b7ba1d54c3acc97495d39
generated: "2026-08-26T12:36:36.468722-04:00"
